// !$*UTF8*$!
{
	archiveVersion = 1;
	classes = {
	};
	objectVersion = 48;
	objects = {

/* Begin PBXBuildFile section */
		DCEBAEC22127EFDE00364CEF /* Localizable.strings in Resources */ = {isa = PBXBuildFile; fileRef = DCEBAEC42127EFDE00364CEF /* Localizable.strings */; };
		DCEBAEC72127F15E00364CEF /* LocalizationSystem.swift in Sources */ = {isa = PBXBuildFile; fileRef = DCEBAEC62127F15D00364CEF /* LocalizationSystem.swift */; };
		DCF3521721273942004BF4ED /* AppDelegate.swift in Sources */ = {isa = PBXBuildFile; fileRef = DCF3521621273942004BF4ED /* AppDelegate.swift */; };
		DCF3521921273942004BF4ED /* ViewController.swift in Sources */ = {isa = PBXBuildFile; fileRef = DCF3521821273942004BF4ED /* ViewController.swift */; };
		DCF3521C21273942004BF4ED /* Main.storyboard in Resources */ = {isa = PBXBuildFile; fileRef = DCF3521A21273942004BF4ED /* Main.storyboard */; };
		DCF3521E21273942004BF4ED /* Assets.xcassets in Resources */ = {isa = PBXBuildFile; fileRef = DCF3521D21273942004BF4ED /* Assets.xcassets */; };
		DCF3522121273942004BF4ED /* LaunchScreen.storyboard in Resources */ = {isa = PBXBuildFile; fileRef = DCF3521F21273942004BF4ED /* LaunchScreen.storyboard */; };
/* End PBXBuildFile section */

/* Begin PBXFileReference section */
		DCEBAEBE2127EF8500364CEF /* ar */ = {isa = PBXFileReference; lastKnownFileType = text.plist.strings; name = ar; path = ar.lproj/Main.strings; sourceTree = "<group>"; };
		DCEBAEBF2127EF8500364CEF /* ar */ = {isa = PBXFileReference; lastKnownFileType = text.plist.strings; name = ar; path = ar.lproj/LaunchScreen.strings; sourceTree = "<group>"; };
		DCEBAEC32127EFDE00364CEF /* ar */ = {isa = PBXFileReference; lastKnownFileType = text.plist.strings; name = ar; path = ar.lproj/Localizable.strings; sourceTree = "<group>"; };
		DCEBAEC52127EFE200364CEF /* en */ = {isa = PBXFileReference; lastKnownFileType = text.plist.strings; name = en; path = en.lproj/Localizable.strings; sourceTree = "<group>"; };
		DCEBAEC62127F15D00364CEF /* LocalizationSystem.swift */ = {isa = PBXFileReference; fileEncoding = 4; lastKnownFileType = sourcecode.swift; path = LocalizationSystem.swift; sourceTree = "<group>"; };
		DCF3521321273942004BF4ED /* Localization-Tutorial.app */ = {isa = PBXFileReference; explicitFileType = wrapper.application; includeInIndex = 0; path = "Localization-Tutorial.app"; sourceTree = BUILT_PRODUCTS_DIR; };
		DCF3521621273942004BF4ED /* AppDelegate.swift */ = {isa = PBXFileReference; lastKnownFileType = sourcecode.swift; path = AppDelegate.swift; sourceTree = "<group>"; };
		DCF3521821273942004BF4ED /* ViewController.swift */ = {isa = PBXFileReference; lastKnownFileType = sourcecode.swift; path = ViewController.swift; sourceTree = "<group>"; };
		DCF3521B21273942004BF4ED /* Base */ = {isa = PBXFileReference; lastKnownFileType = file.storyboard; name = Base; path = Base.lproj/Main.storyboard; sourceTree = "<group>"; };
		DCF3521D21273942004BF4ED /* Assets.xcassets */ = {isa = PBXFileReference; lastKnownFileType = folder.assetcatalog; path = Assets.xcassets; sourceTree = "<group>"; };
		DCF3522021273942004BF4ED /* Base */ = {isa = PBXFileReference; lastKnownFileType = file.storyboard; name = Base; path = Base.lproj/LaunchScreen.storyboard; sourceTree = "<group>"; };
		DCF3522221273942004BF4ED /* Info.plist */ = {isa = PBXFileReference; lastKnownFileType = text.plist.xml; path = Info.plist; sourceTree = "<group>"; };
/* End PBXFileReference section */

/* Begin PBXFrameworksBuildPhase section */
		DCF3521021273942004BF4ED /* Frameworks */ = {
			isa = PBXFrameworksBuildPhase;
			buildActionMask = 2147483647;
			files = (
			);
			runOnlyForDeploymentPostprocessing = 0;
		};
/* End PBXFrameworksBuildPhase section */

/* Begin PBXGroup section */
		DCF3520A21273942004BF4ED = {
			isa = PBXGroup;
			children = (
				DCF3521521273942004BF4ED /* Localization-Tutorial */,
				DCF3521421273942004BF4ED /* Products */,
			);
			sourceTree = "<group>";
		};
		DCF3521421273942004BF4ED /* Products */ = {
			isa = PBXGroup;
			children = (
				DCF3521321273942004BF4ED /* Localization-Tutorial.app */,
			);
			name = Products;
			sourceTree = "<group>";
		};
		DCF3521521273942004BF4ED /* Localization-Tutorial */ = {
			isa = PBXGroup;
			children = (
				DCEBAEC62127F15D00364CEF /* LocalizationSystem.swift */,
				DCF3521621273942004BF4ED /* AppDelegate.swift */,
				DCF3521821273942004BF4ED /* ViewController.swift */,
				DCEBAEC42127EFDE00364CEF /* Localizable.strings */,
				DCF3521A21273942004BF4ED /* Main.storyboard */,
				DCF3521D21273942004BF4ED /* Assets.xcassets */,
				DCF3521F21273942004BF4ED /* LaunchScreen.storyboard */,
				DCF3522221273942004BF4ED /* Info.plist */,
			);
			path = "Localization-Tutorial";
			sourceTree = "<group>";
		};
/* End PBXGroup section */

/* Begin PBXNativeTarget section */
		DCF3521221273942004BF4ED /* Localization-Tutorial */ = {
			isa = PBXNativeTarget;
			buildConfigurationList = DCF3522521273942004BF4ED /* Build configuration list for PBXNativeTarget "Localization-Tutorial" */;
			buildPhases = (
				DCF3520F21273942004BF4ED /* Sources */,
				DCF3521021273942004BF4ED /* Frameworks */,
				DCF3521121273942004BF4ED /* Resources */,
			);
			buildRules = (
			);
			dependencies = (
			);
			name = "Localization-Tutorial";
			productName = "Localization-Tutorial";
			productReference = DCF3521321273942004BF4ED /* Localization-Tutorial.app */;
			productType = "com.apple.product-type.application";
		};
/* End PBXNativeTarget section */

/* Begin PBXProject section */
		DCF3520B21273942004BF4ED /* Project object */ = {
			isa = PBXProject;
			attributes = {
				LastSwiftUpdateCheck = 0920;
				LastUpgradeCheck = 0920;
				ORGANIZATIONNAME = "Aman Aggarwal";
				TargetAttributes = {
					DCF3521221273942004BF4ED = {
						CreatedOnToolsVersion = 9.2;
						ProvisioningStyle = Automatic;
					};
				};
			};
			buildConfigurationList = DCF3520E21273942004BF4ED /* Build configuration list for PBXProject "Localization-Tutorial" */;
			compatibilityVersion = "Xcode 8.0";
			developmentRegion = en;
			hasScannedForEncodings = 0;
			knownRegions = (
				en,
				Base,
			);
			mainGroup = DCF3520A21273942004BF4ED;
			productRefGroup = DCF3521421273942004BF4ED /* Products */;
			projectDirPath = "";
			projectRoot = "";
			targets = (
				DCF3521221273942004BF4ED /* Localization-Tutorial */,
			);
		};
/* End PBXProject section */

/* Begin PBXResourcesBuildPhase section */
		DCF3521121273942004BF4ED /* Resources */ = {
			isa = PBXResourcesBuildPhase;
			buildActionMask = 2147483647;
			files = (
				DCF3522121273942004BF4ED /* LaunchScreen.storyboard in Resources */,
				DCEBAEC22127EFDE00364CEF /* Localizable.strings in Resources */,
				DCF3521E21273942004BF4ED /* Assets.xcassets in Resources */,
				DCF3521C21273942004BF4ED /* Main.storyboard in Resources */,
			);
			runOnlyForDeploymentPostprocessing = 0;
		};
/* End PBXResourcesBuildPhase section */

/* Begin PBXSourcesBuildPhase section */
		DCF3520F21273942004BF4ED /* Sources */ = {
			isa = PBXSourcesBuildPhase;
			buildActionMask = 2147483647;
			files = (
				DCEBAEC72127F15E00364CEF /* LocalizationSystem.swift in Sources */,
				DCF3521921273942004BF4ED /* ViewController.swift in Sources */,
				DCF3521721273942004BF4ED /* AppDelegate.swift in Sources */,
			);
			runOnlyForDeploymentPostprocessing = 0;
		};
/* End PBXSourcesBuildPhase section */

/* Begin PBXVariantGroup section */
		DCEBAEC42127EFDE00364CEF /* Localizable.strings */ = {
			isa = PBXVariantGroup;
			children = (
				DCEBAEC32127EFDE00364CEF /* ar */,
				DCEBAEC52127EFE200364CEF /* en */,
			);
			name = Localizable.strings;
			sourceTree = "<group>";
		};
		DCF3521A21273942004BF4ED /* Main.storyboard */ = {
			isa = PBXVariantGroup;
			children = (
				DCF3521B21273942004BF4ED /* Base */,
				DCEBAEBE2127EF8500364CEF /* ar */,
			);
			name = Main.storyboard;
			sourceTree = "<group>";
		};
		DCF3521F21273942004BF4ED /* LaunchScreen.storyboard */ = {
			isa = PBXVariantGroup;
			children = (
				DCF3522021273942004BF4ED /* Base */,
				DCEBAEBF2127EF8500364CEF /* ar */,
			);
			name = LaunchScreen.storyboard;
			sourceTree = "<group>";
		};
/* End PBXVariantGroup section */

/* Begin XCBuildConfiguration section */
		DCF3522321273942004BF4ED /* Debug */ = {
			isa = XCBuildConfiguration;
			buildSettings = {
				ALWAYS_SEARCH_USER_PATHS = NO;
				CLANG_ANALYZER_LOCALIZABILITY_NONLOCALIZED = YES;
				CLANG_ANALYZER_NONNULL = YES;
				CLANG_ANALYZER_NUMBER_OBJECT_CONVERSION = YES_AGGRESSIVE;
				CLANG_CXX_LANGUAGE_STANDARD = "gnu++14";
				CLANG_CXX_LIBRARY = "libc++";
				CLANG_ENABLE_MODULES = YES;
				CLANG_ENABLE_OBJC_ARC = YES;
				CLANG_WARN_BLOCK_CAPTURE_AUTORELEASING = YES;
				CLANG_WARN_BOOL_CONVERSION = YES;
				CLANG_WARN_COMMA = YES;
				CLANG_WARN_CONSTANT_CONVERSION = YES;
				CLANG_WARN_DIRECT_OBJC_ISA_USAGE = YES_ERROR;
				CLANG_WARN_DOCUMENTATION_COMMENTS = YES;
				CLANG_WARN_EMPTY_BODY = YES;
				CLANG_WARN_ENUM_CONVERSION = YES;
				CLANG_WARN_INFINITE_RECURSION = YES;
				CLANG_WARN_INT_CONVERSION = YES;
				CLANG_WARN_NON_LITERAL_NULL_CONVERSION = YES;
				CLANG_WARN_OBJC_LITERAL_CONVERSION = YES;
				CLANG_WARN_OBJC_ROOT_CLASS = YES_ERROR;
				CLANG_WARN_RANGE_LOOP_ANALYSIS = YES;
				CLANG_WARN_STRICT_PROTOTYPES = YES;
				CLANG_WARN_SUSPICIOUS_MOVE = YES;
				CLANG_WARN_UNGUARDED_AVAILABILITY = YES_AGGRESSIVE;
				CLANG_WARN_UNREACHABLE_CODE = YES;
				CLANG_WARN__DUPLICATE_METHOD_MATCH = YES;
				CODE_SIGN_IDENTITY = "iPhone Developer";
				COPY_PHASE_STRIP = NO;
				DEBUG_INFORMATION_FORMAT = dwarf;
				ENABLE_STRICT_OBJC_MSGSEND = YES;
				ENABLE_TESTABILITY = YES;
				GCC_C_LANGUAGE_STANDARD = gnu11;
				GCC_DYNAMIC_NO_PIC = NO;
				GCC_NO_COMMON_BLOCKS = YES;
				GCC_OPTIMIZATION_LEVEL = 0;
				GCC_PREPROCESSOR_DEFINITIONS = (
					"DEBUG=1",
					"$(inherited)",
				);
				GCC_WARN_64_TO_32_BIT_CONVERSION = YES;
				GCC_WARN_ABOUT_RETURN_TYPE = YES_ERROR;
				GCC_WARN_UNDECLARED_SELECTOR = YES;
				GCC_WARN_UNINITIALIZED_AUTOS = YES_AGGRESSIVE;
				GCC_WARN_UNUSED_FUNCTION = YES;
				GCC_WARN_UNUSED_VARIABLE = YES;
				IPHONEOS_DEPLOYMENT_TARGET = 11.2;
				MTL_ENABLE_DEBUG_INFO = YES;
				ONLY_ACTIVE_ARCH = YES;
				SDKROOT = iphoneos;
				SWIFT_ACTIVE_COMPILATION_CONDITIONS = DEBUG;
				SWIFT_OPTIMIZATION_LEVEL = "-Onone";
			};
			name = Debug;
		};
		DCF3522421273942004BF4ED /* Release */ = {
			isa = XCBuildConfiguration;
			buildSettings = {
				ALWAYS_SEARCH_USER_PATHS = NO;
				CLANG_ANALYZER_LOCALIZABILITY_NONLOCALIZED = YES;
				CLANG_ANALYZER_NONNULL = YES;
				CLANG_ANALYZER_NUMBER_OBJECT_CONVERSION = YES_AGGRESSIVE;
				CLANG_CXX_LANGUAGE_STANDARD = "gnu++14";
				CLANG_CXX_LIBRARY = "libc++";
				CLANG_ENABLE_MODULES = YES;
				CLANG_ENABLE_OBJC_ARC = YES;
				CLANG_WARN_BLOCK_CAPTURE_AUTORELEASING = YES;
				CLANG_WARN_BOOL_CONVERSION = YES;
				CLANG_WARN_COMMA = YES;
				CLANG_WARN_CONSTANT_CONVERSION = YES;
				CLANG_WARN_DIRECT_OBJC_ISA_USAGE = YES_ERROR;
				CLANG_WARN_DOCUMENTATION_COMMENTS = YES;
				CLANG_WARN_EMPTY_BODY = YES;
				CLANG_WARN_ENUM_CONVERSION = YES;
				CLANG_WARN_INFINITE_RECURSION = YES;
				CLANG_WARN_INT_CONVERSION = YES;
				CLANG_WARN_NON_LITERAL_NULL_CONVERSION = YES;
				CLANG_WARN_OBJC_LITERAL_CONVERSION = YES;
				CLANG_WARN_OBJC_ROOT_CLASS = YES_ERROR;
				CLANG_WARN_RANGE_LOOP_ANALYSIS = YES;
				CLANG_WARN_STRICT_PROTOTYPES = YES;
				CLANG_WARN_SUSPICIOUS_MOVE = YES;
				CLANG_WARN_UNGUARDED_AVAILABILITY = YES_AGGRESSIVE;
				CLANG_WARN_UNREACHABLE_CODE = YES;
				CLANG_WARN__DUPLICATE_METHOD_MATCH = YES;
				CODE_SIGN_IDENTITY = "iPhone Developer";
				COPY_PHASE_STRIP = NO;
				DEBUG_INFORMATION_FORMAT = "dwarf-with-dsym";
				ENABLE_NS_ASSERTIONS = NO;
				ENABLE_STRICT_OBJC_MSGSEND = YES;
				GCC_C_LANGUAGE_STANDARD = gnu11;
				GCC_NO_COMMON_BLOCKS = YES;
				GCC_WARN_64_TO_32_BIT_CONVERSION = YES;
				GCC_WARN_ABOUT_RETURN_TYPE = YES_ERROR;
				GCC_WARN_UNDECLARED_SELECTOR = YES;
				GCC_WARN_UNINITIALIZED_AUTOS = YES_AGGRESSIVE;
				GCC_WARN_UNUSED_FUNCTION = YES;
				GCC_WARN_UNUSED_VARIABLE = YES;
				IPHONEOS_DEPLOYMENT_TARGET = 11.2;
				MTL_ENABLE_DEBUG_INFO = NO;
				SDKROOT = iphoneos;
				SWIFT_OPTIMIZATION_LEVEL = "-Owholemodule";
				VALIDATE_PRODUCT = YES;
			};
			name = Release;
		};
		DCF3522621273942004BF4ED /* Debug */ = {
			isa = XCBuildConfiguration;
			buildSettings = {
				ASSETCATALOG_COMPILER_APPICON_NAME = AppIcon;
				CODE_SIGN_STYLE = Automatic;
				INFOPLIST_FILE = "Localization-Tutorial/Info.plist";
				LD_RUNPATH_SEARCH_PATHS = "$(inherited) @executable_path/Frameworks";
				PRODUCT_BUNDLE_IDENTIFIER = "com.iostutorialjunction.Localization-Tutorial";
				PRODUCT_NAME = "$(TARGET_NAME)";
				SWIFT_VERSION = 4.0;
				TARGETED_DEVICE_FAMILY = "1,2";
			};
			name = Debug;
		};
		DCF3522721273942004BF4ED /* Release */ = {
			isa = XCBuildConfiguration;
			buildSettings = {
				ASSETCATALOG_COMPILER_APPICON_NAME = AppIcon;
				CODE_SIGN_STYLE = Automatic;
				INFOPLIST_FILE = "Localization-Tutorial/Info.plist";
				LD_RUNPATH_SEARCH_PATHS = "$(inherited) @executable_path/Frameworks";
				PRODUCT_BUNDLE_IDENTIFIER = "com.iostutorialjunction.Localization-Tutorial";
				PRODUCT_NAME = "$(TARGET_NAME)";
				SWIFT_VERSION = 4.0;
				TARGETED_DEVICE_FAMILY = "1,2";
			};
			name = Release;
		};
/* End XCBuildConfiguration section */

/* Begin XCConfigurationList section */
		DCF3520E21273942004BF4ED /* Build configuration list for PBXProject "Localization-Tutorial" */ = {
			isa = XCConfigurationList;
			buildConfigurations = (
				DCF3522321273942004BF4ED /* Debug */,
				DCF3522421273942004BF4ED /* Release */,
			);
			defaultConfigurationIsVisible = 0;
			defaultConfigurationName = Release;
		};
		DCF3522521273942004BF4ED /* Build configuration list for PBXNativeTarget "Localization-Tutorial" */ = {
			isa = XCConfigurationList;
			buildConfigurations = (
				DCF3522621273942004BF4ED /* Debug */,
				DCF3522721273942004BF4ED /* Release */,
			);
			defaultConfigurationIsVisible = 0;
			defaultConfigurationName = Release;
		};
/* End XCConfigurationList section */
	};
	rootObject = DCF3520B21273942004BF4ED /* Project object */;
}
